
Microsoft Visual Studio Solution File, Format Version 12.00
# Visual Studio Version 16
VisualStudioVersion = 16.0.32002.261
MinimumVisualStudioVersion = 10.0.40219.1
Project("{FAE04EC0-301F-11D3-BF4B-00C04F79EFBC}") = "NamuDarbas5", "NamuDarbas5\NamuDarbas5.csproj", "{998A2FBF-3FC7-49D1-91B0-ACAA99448A8E}"
EndProject
Global
	GlobalSection(SolutionConfigurationPlatforms) = preSolution
		Debug|Any CPU = Debug|Any CPU
		Release|Any CPU = Release|Any CPU
	EndGlobalSection
	GlobalSection(ProjectConfigurationPlatforms) = postSolution
		{998A2FBF-3FC7-49D1-91B0-ACAA99448A8E}.Debug|Any CPU.ActiveCfg = Debug|Any CPU
		{998A2FBF-3FC7-49D1-91B0-ACAA99448A8E}.Debug|Any CPU.Build.0 = Debug|Any CPU
		{998A2FBF-3FC7-49D1-91B0-ACAA99448A8E}.Release|Any CPU.ActiveCfg = Release|Any CPU
		{998A2FBF-3FC7-49D1-91B0-ACAA99448A8E}.Release|Any CPU.Build.0 = Release|Any CPU
	EndGlobalSection
	GlobalSection(SolutionProperties) = preSolution
		HideSolutionNode = FALSE
	EndGlobalSection
	GlobalSection(ExtensibilityGlobals) = postSolution
		SolutionGuid = {7B4BB8B2-43BB-4DA8-B55B-9AB102D82732}
	EndGlobalSection
EndGlobal
