
Microsoft Visual Studio Solution File, Format Version 12.00
# Visual Studio Version 16
VisualStudioVersion = 16.0.32002.261
MinimumVisualStudioVersion = 10.0.40219.1
Project("{FAE04EC0-301F-11D3-BF4B-00C04F79EFBC}") = "NamuDarbas4", "NamuDarbas4\NamuDarbas4.csproj", "{7A0F134E-DE41-4713-AFD4-88DA58EA903B}"
EndProject
Global
	GlobalSection(SolutionConfigurationPlatforms) = preSolution
		Debug|Any CPU = Debug|Any CPU
		Release|Any CPU = Release|Any CPU
	EndGlobalSection
	GlobalSection(ProjectConfigurationPlatforms) = postSolution
		{7A0F134E-DE41-4713-AFD4-88DA58EA903B}.Debug|Any CPU.ActiveCfg = Debug|Any CPU
		{7A0F134E-DE41-4713-AFD4-88DA58EA903B}.Debug|Any CPU.Build.0 = Debug|Any CPU
		{7A0F134E-DE41-4713-AFD4-88DA58EA903B}.Release|Any CPU.ActiveCfg = Release|Any CPU
		{7A0F134E-DE41-4713-AFD4-88DA58EA903B}.Release|Any CPU.Build.0 = Release|Any CPU
	EndGlobalSection
	GlobalSection(SolutionProperties) = preSolution
		HideSolutionNode = FALSE
	EndGlobalSection
	GlobalSection(ExtensibilityGlobals) = postSolution
		SolutionGuid = {FF56C834-1C7F-4CD3-BEA0-AF11ACA63D7D}
	EndGlobalSection
EndGlobal
